
Microsoft Visual Studio Solution File, Format Version 12.00
# Visual Studio Version 17
VisualStudioVersion = 17.6.33723.286
MinimumVisualStudioVersion = 10.0.40219.1
Project("{FAE04EC0-301F-11D3-BF4B-00C04F79EFBC}") = "StudentRestAPI", "StudentRestAPI\StudentRestAPI.csproj", "{EFAF624A-F98A-45F1-8771-A4B5F05C7E81}"
EndProject
Global
	GlobalSection(SolutionConfigurationPlatforms) = preSolution
		Debug|Any CPU = Debug|Any CPU
		Release|Any CPU = Release|Any CPU
	EndGlobalSection
	GlobalSection(ProjectConfigurationPlatforms) = postSolution
		{EFAF624A-F98A-45F1-8771-A4B5F05C7E81}.Debug|Any CPU.ActiveCfg = Debug|Any CPU
		{EFAF624A-F98A-45F1-8771-A4B5F05C7E81}.Debug|Any CPU.Build.0 = Debug|Any CPU
		{EFAF624A-F98A-45F1-8771-A4B5F05C7E81}.Release|Any CPU.ActiveCfg = Release|Any CPU
		{EFAF624A-F98A-45F1-8771-A4B5F05C7E81}.Release|Any CPU.Build.0 = Release|Any CPU
	EndGlobalSection
	GlobalSection(SolutionProperties) = preSolution
		HideSolutionNode = FALSE
	EndGlobalSection
	GlobalSection(ExtensibilityGlobals) = postSolution
		SolutionGuid = {834E346D-B543-4F63-95BF-1B982688641A}
	EndGlobalSection
EndGlobal
